
Microsoft Visual Studio Solution File, Format Version 10.00
# Visual Studio 2008
Project("{8BC9CEB8-8B4A-11D0-8D11-00A0C91BC942}") = "Proj8GT", "Proj8GT\Proj8GT.vcproj", "{49D9B654-6045-4620-BFD7-E3207F650CA4}"
EndProject
Global
	GlobalSection(SolutionConfigurationPlatforms) = preSolution
		Debug|Win32 = Debug|Win32
		Release|Win32 = Release|Win32
	EndGlobalSection
	GlobalSection(ProjectConfigurationPlatforms) = postSolution
		{49D9B654-6045-4620-BFD7-E3207F650CA4}.Debug|Win32.ActiveCfg = Debug|Win32
		{49D9B654-6045-4620-BFD7-E3207F650CA4}.Debug|Win32.Build.0 = Debug|Win32
		{49D9B654-6045-4620-BFD7-E3207F650CA4}.Release|Win32.ActiveCfg = Release|Win32
		{49D9B654-6045-4620-BFD7-E3207F650CA4}.Release|Win32.Build.0 = Release|Win32
	EndGlobalSection
	GlobalSection(SolutionProperties) = preSolution
		HideSolutionNode = FALSE
	EndGlobalSection
EndGlobal
